
Microsoft Visual Studio Solution File, Format Version 12.00
# Visual Studio Version 17
VisualStudioVersion = 17.4.33122.133
MinimumVisualStudioVersion = 10.0.40219.1
Project("{9A19103F-16F7-4668-BE54-9A1E7A4F7556}") = "Gallery.API", "Gallery.API\Gallery.API.csproj", "{0DF176B8-65B8-445A-B944-74F45C9DEEC6}"
EndProject
Project("{9A19103F-16F7-4668-BE54-9A1E7A4F7556}") = "Gallery.Database", "Gallery.Database\Gallery.Database.csproj", "{4499C118-B1AA-4A6A-B530-DA45F109C4FB}"
EndProject
Project("{FAE04EC0-301F-11D3-BF4B-00C04F79EFBC}") = "Gallery.Common", "Gallery.Common\Gallery.Common.csproj", "{6936F9DB-F5AC-464D-963C-AFB3C8377D20}"
EndProject
Global
	GlobalSection(SolutionConfigurationPlatforms) = preSolution
		Debug|Any CPU = Debug|Any CPU
		Release|Any CPU = Release|Any CPU
	EndGlobalSection
	GlobalSection(ProjectConfigurationPlatforms) = postSolution
		{0DF176B8-65B8-445A-B944-74F45C9DEEC6}.Debug|Any CPU.ActiveCfg = Debug|Any CPU
		{0DF176B8-65B8-445A-B944-74F45C9DEEC6}.Debug|Any CPU.Build.0 = Debug|Any CPU
		{0DF176B8-65B8-445A-B944-74F45C9DEEC6}.Release|Any CPU.ActiveCfg = Release|Any CPU
		{0DF176B8-65B8-445A-B944-74F45C9DEEC6}.Release|Any CPU.Build.0 = Release|Any CPU
		{4499C118-B1AA-4A6A-B530-DA45F109C4FB}.Debug|Any CPU.ActiveCfg = Debug|Any CPU
		{4499C118-B1AA-4A6A-B530-DA45F109C4FB}.Debug|Any CPU.Build.0 = Debug|Any CPU
		{4499C118-B1AA-4A6A-B530-DA45F109C4FB}.Release|Any CPU.ActiveCfg = Release|Any CPU
		{4499C118-B1AA-4A6A-B530-DA45F109C4FB}.Release|Any CPU.Build.0 = Release|Any CPU
		{6936F9DB-F5AC-464D-963C-AFB3C8377D20}.Debug|Any CPU.ActiveCfg = Debug|Any CPU
		{6936F9DB-F5AC-464D-963C-AFB3C8377D20}.Debug|Any CPU.Build.0 = Debug|Any CPU
		{6936F9DB-F5AC-464D-963C-AFB3C8377D20}.Release|Any CPU.ActiveCfg = Release|Any CPU
		{6936F9DB-F5AC-464D-963C-AFB3C8377D20}.Release|Any CPU.Build.0 = Release|Any CPU
	EndGlobalSection
	GlobalSection(SolutionProperties) = preSolution
		HideSolutionNode = FALSE
	EndGlobalSection
	GlobalSection(ExtensibilityGlobals) = postSolution
		SolutionGuid = {3E90CCF9-457A-47E0-80DA-A5C303E2F096}
	EndGlobalSection
EndGlobal
